<?xml version="1.0" encoding="utf-8"?>
<Project ToolsVersion="4.0" xmlns="http://schemas.microsoft.com/developer/msbuild/2003">
  <ItemGroup>
    <Filter Include="Header Files">
      <UniqueIdentifier>{93995380-89BD-4b04-88EB-625FBE52EBFB}</UniqueIdentifier>
      <Extensions>h;hpp;hxx;hm;inl;inc;xsd</Extensions>
    </Filter>
    <Filter Include="Resource Files">
      <UniqueIdentifier>{67DA6AB6-F800-4c08-8B7A-83BB121AAD01}</UniqueIdentifier>
      <Extensions>rc;ico;cur;bmp;dlg;rc2;rct;bin;rgs;gif;jpg;jpeg;jpe;resx;tiff;tif;png;wav</Extensions>
    </Filter>
  </ItemGroup>
  <ItemGroup>
    <ClInclude Include="Resource.h">
      <Filter>Header Files</Filter>
    </ClInclude>
    <ClInclude Include="stdafx.h">
      <Filter>Header Files</Filter>
    </ClInclude>
    <ClInclude Include="TestDialogDlg.h">
      <Filter>Header Files</Filter>
    </ClInclude>
    <ClInclude Include="TestXTaskDialog.h">
      <Filter>Header Files</Filter>
    </ClInclude>
    <ClInclude Include="XTaskDialog.h">
      <Filter>Header Files</Filter>
    </ClInclude>
    <ClInclude Include="XTaskDialogButton.h">
      <Filter>Header Files</Filter>
    </ClInclude>
    <ClInclude Include="XTaskDialogClient.h">
      <Filter>Header Files</Filter>
    </ClInclude>
    <ClInclude Include="XTaskDialogCommandLink.h">
      <Filter>Header Files</Filter>
    </ClInclude>
    <ClInclude Include="XTaskDialogDefines.h">
      <Filter>Header Files</Filter>
    </ClInclude>
    <ClInclude Include="XTaskDialogIconStatic.h">
      <Filter>Header Files</Filter>
    </ClInclude>
    <ClInclude Include="XTaskDialogItem.h">
      <Filter>Header Files</Filter>
    </ClInclude>
    <ClInclude Include="XTaskDialogMFCClient.h">
      <Filter>Header Files</Filter>
    </ClInclude>
    <ClInclude Include="XTaskDialogStatic.h">
      <Filter>Header Files</Filter>
    </ClInclude>
  </ItemGroup>
  <ItemGroup>
    <None Include="res\CommandLink.ico">
      <Filter>Resource Files</Filter>
    </None>
    <None Include="res\error.ico">
      <Filter>Resource Files</Filter>
    </None>
    <None Include="res\hot_commandlink.ico">
      <Filter>Resource Files</Filter>
    </None>
    <None Include="res\info.ico">
      <Filter>Resource Files</Filter>
    </None>
    <None Include="res\shield.ico">
      <Filter>Resource Files</Filter>
    </None>
    <None Include="res\TestXTaskDialog.ico">
      <Filter>Resource Files</Filter>
    </None>
    <None Include="res\TestXTaskDialog.rc2">
      <Filter>Resource Files</Filter>
    </None>
    <None Include="res\warning.ico">
      <Filter>Resource Files</Filter>
    </None>
  </ItemGroup>
  <ItemGroup>
    <ResourceCompile Include="TestXTaskDialog.rc">
      <Filter>Resource Files</Filter>
    </ResourceCompile>
  </ItemGroup>
</Project>